
Microsoft Visual Studio Solution File, Format Version 12.00
# Visual Studio 15
VisualStudioVersion = 15.0.27703.2035
MinimumVisualStudioVersion = 10.0.40219.1
Project("{FAE04EC0-301F-11D3-BF4B-00C04F79EFBC}") = "UI", "Transportes MJ\UI.csproj", "{EA109C24-1566-4DA5-BB64-C3DC5E497F2B}"
EndProject
Project("{FAE04EC0-301F-11D3-BF4B-00C04F79EFBC}") = "BL", "BL\BL.csproj", "{39EEE706-1AD3-4655-B1C5-E64DB68C3654}"
EndProject
Project("{FAE04EC0-301F-11D3-BF4B-00C04F79EFBC}") = "DAL", "DAL\DAL.csproj", "{A4EBEA06-6FD2-4364-9D65-2E5153029C94}"
EndProject
Project("{FAE04EC0-301F-11D3-BF4B-00C04F79EFBC}") = "Logger", "Logger\Logger.csproj", "{D94B13BE-6A08-4F10-979F-B59CCBD1B762}"
EndProject
Global
	GlobalSection(SolutionConfigurationPlatforms) = preSolution
		Debug|Any CPU = Debug|Any CPU
		Release|Any CPU = Release|Any CPU
	EndGlobalSection
	GlobalSection(ProjectConfigurationPlatforms) = postSolution
		{EA109C24-1566-4DA5-BB64-C3DC5E497F2B}.Debug|Any CPU.ActiveCfg = Debug|Any CPU
		{EA109C24-1566-4DA5-BB64-C3DC5E497F2B}.Debug|Any CPU.Build.0 = Debug|Any CPU
		{EA109C24-1566-4DA5-BB64-C3DC5E497F2B}.Release|Any CPU.ActiveCfg = Release|Any CPU
		{EA109C24-1566-4DA5-BB64-C3DC5E497F2B}.Release|Any CPU.Build.0 = Release|Any CPU
		{39EEE706-1AD3-4655-B1C5-E64DB68C3654}.Debug|Any CPU.ActiveCfg = Debug|Any CPU
		{39EEE706-1AD3-4655-B1C5-E64DB68C3654}.Debug|Any CPU.Build.0 = Debug|Any CPU
		{39EEE706-1AD3-4655-B1C5-E64DB68C3654}.Release|Any CPU.ActiveCfg = Release|Any CPU
		{39EEE706-1AD3-4655-B1C5-E64DB68C3654}.Release|Any CPU.Build.0 = Release|Any CPU
		{A4EBEA06-6FD2-4364-9D65-2E5153029C94}.Debug|Any CPU.ActiveCfg = Debug|Any CPU
		{A4EBEA06-6FD2-4364-9D65-2E5153029C94}.Debug|Any CPU.Build.0 = Debug|Any CPU
		{A4EBEA06-6FD2-4364-9D65-2E5153029C94}.Release|Any CPU.ActiveCfg = Release|Any CPU
		{A4EBEA06-6FD2-4364-9D65-2E5153029C94}.Release|Any CPU.Build.0 = Release|Any CPU
		{D94B13BE-6A08-4F10-979F-B59CCBD1B762}.Debug|Any CPU.ActiveCfg = Debug|Any CPU
		{D94B13BE-6A08-4F10-979F-B59CCBD1B762}.Debug|Any CPU.Build.0 = Debug|Any CPU
		{D94B13BE-6A08-4F10-979F-B59CCBD1B762}.Release|Any CPU.ActiveCfg = Release|Any CPU
		{D94B13BE-6A08-4F10-979F-B59CCBD1B762}.Release|Any CPU.Build.0 = Release|Any CPU
	EndGlobalSection
	GlobalSection(SolutionProperties) = preSolution
		HideSolutionNode = FALSE
	EndGlobalSection
	GlobalSection(ExtensibilityGlobals) = postSolution
		SolutionGuid = {C8B7F513-6E4A-4A8D-BA41-264E3ED52FB6}
	EndGlobalSection
EndGlobal
